
Microsoft Visual Studio Solution File, Format Version 12.00
# Visual Studio 15
VisualStudioVersion = 15.0.26124.0
MinimumVisualStudioVersion = 15.0.26124.0
Project("{2150E333-8FDC-42A3-9474-1A3956D46DE8}") = "src", "src", "{8F80FAF3-2D79-44A6-BA3A-71D53EE081C0}"
EndProject
Project("{9A19103F-16F7-4668-BE54-9A1E7A4F7556}") = "Core.Abstractions", "src\Core.Abstractions\Core.Abstractions.csproj", "{0A90CE27-A326-4C99-98AF-9B3B1CEE5534}"
EndProject
Project("{9A19103F-16F7-4668-BE54-9A1E7A4F7556}") = "Core.Abstractions.AutoFacIntegration", "src\Core.Abstractions.AutoFacIntegration\Core.Abstractions.AutoFacIntegration.csproj", "{86B54DC9-8B45-44DB-ADE3-D2CFAF1D2754}"
EndProject
Project("{9A19103F-16F7-4668-BE54-9A1E7A4F7556}") = "Core.Messages.RabbitMQ", "src\Core.Messages.RabbitMQ\Core.Messages.RabbitMQ.csproj", "{D4D63820-4950-4D3B-AAB8-57B7BF454636}"
EndProject
Project("{9A19103F-16F7-4668-BE54-9A1E7A4F7556}") = "Core.Messages.RabbitMQ.AutoFacIntegration", "src\Core.Messages.RabbitMQ.AutoFacIntegration\Core.Messages.RabbitMQ.AutoFacIntegration.csproj", "{C7DF0189-950E-4236-9A21-B61FE49C8640}"
EndProject
Project("{9A19103F-16F7-4668-BE54-9A1E7A4F7556}") = "Core.ServiceDiscovery.Consul", "src\Core.ServiceDiscovery.Consul\Core.ServiceDiscovery.Consul.csproj", "{1E4177D4-161C-4572-A1E3-AB241E2E67E3}"
EndProject
Project("{9A19103F-16F7-4668-BE54-9A1E7A4F7556}") = "Core.ServiceDiscovery.Consul.AutoFacIntegration", "src\Core.ServiceDiscovery.Consul.AutoFacIntegration\Core.ServiceDiscovery.Consul.AutoFacIntegration.csproj", "{54327C60-36AE-467C-A446-217C7E4856ED}"
EndProject
Project("{9A19103F-16F7-4668-BE54-9A1E7A4F7556}") = "Core.PersistentStore.EntityFrameworkCore", "src\Core.PersistentStore.EntityFrameworkCore\Core.PersistentStore.EntityFrameworkCore.csproj", "{7BBBF595-48EA-445A-9B47-E17206C9A5D2}"
EndProject
Project("{9A19103F-16F7-4668-BE54-9A1E7A4F7556}") = "Core.Abstractions.AbpIntegration", "src\Core.Abstractions.AbpIntegration\Core.Abstractions.AbpIntegration.csproj", "{9FD5469E-54C1-4BB5-BAF2-2173F912FBE4}"
EndProject
Project("{9A19103F-16F7-4668-BE54-9A1E7A4F7556}") = "Core.Messages.RabbitMQ.AbpIntegration", "src\Core.Messages.RabbitMQ.AbpIntegration\Core.Messages.RabbitMQ.AbpIntegration.csproj", "{5BDB0C35-D278-4B2F-9D03-6134007DBEB8}"
EndProject
Project("{9A19103F-16F7-4668-BE54-9A1E7A4F7556}") = "Core.ServiceDiscovery.Consul.AbpIntegration", "src\Core.ServiceDiscovery.Consul.AbpIntegration\Core.ServiceDiscovery.Consul.AbpIntegration.csproj", "{8DDE9711-B2D0-4CE3-96D8-EB827B00D248}"
EndProject
Project("{9A19103F-16F7-4668-BE54-9A1E7A4F7556}") = "Core.Abstractions.TestBase", "src\Core.Abstractions.TestBase\Core.Abstractions.TestBase.csproj", "{E6BDDAD2-4EEF-4CC7-8D71-494C5E1C422F}"
EndProject
Project("{9A19103F-16F7-4668-BE54-9A1E7A4F7556}") = "Core.AspNetCore.AutoFacIntegration", "src\Core.AspNetCore.AutoFacIntegration\Core.AspNetCore.AutoFacIntegration.csproj", "{D3A679F1-65EA-4066-B97E-8F56DE96D63D}"
EndProject
Project("{2150E333-8FDC-42A3-9474-1A3956D46DE8}") = "test", "test", "{98702E0D-C277-4A27-A7D3-13F8287801C0}"
EndProject
Project("{9A19103F-16F7-4668-BE54-9A1E7A4F7556}") = "Core.Abstractions.Tests", "test\Core.Abstractions.Tests\Core.Abstractions.Tests.csproj", "{08BEC7FD-9EDA-4B69-AF05-120934AE194F}"
EndProject
Project("{9A19103F-16F7-4668-BE54-9A1E7A4F7556}") = "Core.Infrastructure.Abstraction.Tests.Web", "test\Core.Infrastructure.Abstraction.Tests.Web\Core.Infrastructure.Abstraction.Tests.Web.csproj", "{F7E13EB2-2B7E-46D0-859B-AD03A1B27A07}"
EndProject
Project("{2150E333-8FDC-42A3-9474-1A3956D46DE8}") = "Solution Items", "Solution Items", "{C95FFEA8-08CA-44E0-A1DA-31F04246544A}"
	ProjectSection(SolutionItems) = preProject
		common.props = common.props
	EndProjectSection
EndProject
Project("{9A19103F-16F7-4668-BE54-9A1E7A4F7556}") = "Core.AspNetCore.AbpIntegration", "src\Core.AspNetCore.AbpIntegration\Core.AspNetCore.AbpIntegration.csproj", "{03AFE8F4-D91D-4368-8625-0DD940144EE4}"
EndProject
Project("{9A19103F-16F7-4668-BE54-9A1E7A4F7556}") = "Core.Abstractions.ForAbp.Tests", "test\Core.Abstractions.ForAbp.Tests\Core.Abstractions.ForAbp.Tests.csproj", "{B05FD902-C025-41A7-9456-0E80C9D06635}"
EndProject
Project("{FAE04EC0-301F-11D3-BF4B-00C04F79EFBC}") = "Core.AspNetCore.Common", "src\Core.AspNetCore.Common\Core.AspNetCore.Common.csproj", "{69374CE0-481A-4576-9384-B8BDD8C819A8}"
EndProject
Global
	GlobalSection(SolutionConfigurationPlatforms) = preSolution
		Debug|Any CPU = Debug|Any CPU
		Debug|x64 = Debug|x64
		Debug|x86 = Debug|x86
		Release|Any CPU = Release|Any CPU
		Release|x64 = Release|x64
		Release|x86 = Release|x86
	EndGlobalSection
	GlobalSection(ProjectConfigurationPlatforms) = postSolution
		{0A90CE27-A326-4C99-98AF-9B3B1CEE5534}.Debug|Any CPU.ActiveCfg = Debug|Any CPU
		{0A90CE27-A326-4C99-98AF-9B3B1CEE5534}.Debug|Any CPU.Build.0 = Debug|Any CPU
		{0A90CE27-A326-4C99-98AF-9B3B1CEE5534}.Debug|x64.ActiveCfg = Debug|Any CPU
		{0A90CE27-A326-4C99-98AF-9B3B1CEE5534}.Debug|x64.Build.0 = Debug|Any CPU
		{0A90CE27-A326-4C99-98AF-9B3B1CEE5534}.Debug|x86.ActiveCfg = Debug|Any CPU
		{0A90CE27-A326-4C99-98AF-9B3B1CEE5534}.Debug|x86.Build.0 = Debug|Any CPU
		{0A90CE27-A326-4C99-98AF-9B3B1CEE5534}.Release|Any CPU.ActiveCfg = Release|Any CPU
		{0A90CE27-A326-4C99-98AF-9B3B1CEE5534}.Release|Any CPU.Build.0 = Release|Any CPU
		{0A90CE27-A326-4C99-98AF-9B3B1CEE5534}.Release|x64.ActiveCfg = Release|Any CPU
		{0A90CE27-A326-4C99-98AF-9B3B1CEE5534}.Release|x64.Build.0 = Release|Any CPU
		{0A90CE27-A326-4C99-98AF-9B3B1CEE5534}.Release|x86.ActiveCfg = Release|Any CPU
		{0A90CE27-A326-4C99-98AF-9B3B1CEE5534}.Release|x86.Build.0 = Release|Any CPU
		{86B54DC9-8B45-44DB-ADE3-D2CFAF1D2754}.Debug|Any CPU.ActiveCfg = Debug|Any CPU
		{86B54DC9-8B45-44DB-ADE3-D2CFAF1D2754}.Debug|Any CPU.Build.0 = Debug|Any CPU
		{86B54DC9-8B45-44DB-ADE3-D2CFAF1D2754}.Debug|x64.ActiveCfg = Debug|Any CPU
		{86B54DC9-8B45-44DB-ADE3-D2CFAF1D2754}.Debug|x64.Build.0 = Debug|Any CPU
		{86B54DC9-8B45-44DB-ADE3-D2CFAF1D2754}.Debug|x86.ActiveCfg = Debug|Any CPU
		{86B54DC9-8B45-44DB-ADE3-D2CFAF1D2754}.Debug|x86.Build.0 = Debug|Any CPU
		{86B54DC9-8B45-44DB-ADE3-D2CFAF1D2754}.Release|Any CPU.ActiveCfg = Release|Any CPU
		{86B54DC9-8B45-44DB-ADE3-D2CFAF1D2754}.Release|Any CPU.Build.0 = Release|Any CPU
		{86B54DC9-8B45-44DB-ADE3-D2CFAF1D2754}.Release|x64.ActiveCfg = Release|Any CPU
		{86B54DC9-8B45-44DB-ADE3-D2CFAF1D2754}.Release|x64.Build.0 = Release|Any CPU
		{86B54DC9-8B45-44DB-ADE3-D2CFAF1D2754}.Release|x86.ActiveCfg = Release|Any CPU
		{86B54DC9-8B45-44DB-ADE3-D2CFAF1D2754}.Release|x86.Build.0 = Release|Any CPU
		{D4D63820-4950-4D3B-AAB8-57B7BF454636}.Debug|Any CPU.ActiveCfg = Debug|Any CPU
		{D4D63820-4950-4D3B-AAB8-57B7BF454636}.Debug|Any CPU.Build.0 = Debug|Any CPU
		{D4D63820-4950-4D3B-AAB8-57B7BF454636}.Debug|x64.ActiveCfg = Debug|Any CPU
		{D4D63820-4950-4D3B-AAB8-57B7BF454636}.Debug|x64.Build.0 = Debug|Any CPU
		{D4D63820-4950-4D3B-AAB8-57B7BF454636}.Debug|x86.ActiveCfg = Debug|Any CPU
		{D4D63820-4950-4D3B-AAB8-57B7BF454636}.Debug|x86.Build.0 = Debug|Any CPU
		{D4D63820-4950-4D3B-AAB8-57B7BF454636}.Release|Any CPU.ActiveCfg = Release|Any CPU
		{D4D63820-4950-4D3B-AAB8-57B7BF454636}.Release|Any CPU.Build.0 = Release|Any CPU
		{D4D63820-4950-4D3B-AAB8-57B7BF454636}.Release|x64.ActiveCfg = Release|Any CPU
		{D4D63820-4950-4D3B-AAB8-57B7BF454636}.Release|x64.Build.0 = Release|Any CPU
		{D4D63820-4950-4D3B-AAB8-57B7BF454636}.Release|x86.ActiveCfg = Release|Any CPU
		{D4D63820-4950-4D3B-AAB8-57B7BF454636}.Release|x86.Build.0 = Release|Any CPU
		{C7DF0189-950E-4236-9A21-B61FE49C8640}.Debug|Any CPU.ActiveCfg = Debug|Any CPU
		{C7DF0189-950E-4236-9A21-B61FE49C8640}.Debug|Any CPU.Build.0 = Debug|Any CPU
		{C7DF0189-950E-4236-9A21-B61FE49C8640}.Debug|x64.ActiveCfg = Debug|Any CPU
		{C7DF0189-950E-4236-9A21-B61FE49C8640}.Debug|x64.Build.0 = Debug|Any CPU
		{C7DF0189-950E-4236-9A21-B61FE49C8640}.Debug|x86.ActiveCfg = Debug|Any CPU
		{C7DF0189-950E-4236-9A21-B61FE49C8640}.Debug|x86.Build.0 = Debug|Any CPU
		{C7DF0189-950E-4236-9A21-B61FE49C8640}.Release|Any CPU.ActiveCfg = Release|Any CPU
		{C7DF0189-950E-4236-9A21-B61FE49C8640}.Release|Any CPU.Build.0 = Release|Any CPU
		{C7DF0189-950E-4236-9A21-B61FE49C8640}.Release|x64.ActiveCfg = Release|Any CPU
		{C7DF0189-950E-4236-9A21-B61FE49C8640}.Release|x64.Build.0 = Release|Any CPU
		{C7DF0189-950E-4236-9A21-B61FE49C8640}.Release|x86.ActiveCfg = Release|Any CPU
		{C7DF0189-950E-4236-9A21-B61FE49C8640}.Release|x86.Build.0 = Release|Any CPU
		{1E4177D4-161C-4572-A1E3-AB241E2E67E3}.Debug|Any CPU.ActiveCfg = Debug|Any CPU
		{1E4177D4-161C-4572-A1E3-AB241E2E67E3}.Debug|Any CPU.Build.0 = Debug|Any CPU
		{1E4177D4-161C-4572-A1E3-AB241E2E67E3}.Debug|x64.ActiveCfg = Debug|Any CPU
		{1E4177D4-161C-4572-A1E3-AB241E2E67E3}.Debug|x64.Build.0 = Debug|Any CPU
		{1E4177D4-161C-4572-A1E3-AB241E2E67E3}.Debug|x86.ActiveCfg = Debug|Any CPU
		{1E4177D4-161C-4572-A1E3-AB241E2E67E3}.Debug|x86.Build.0 = Debug|Any CPU
		{1E4177D4-161C-4572-A1E3-AB241E2E67E3}.Release|Any CPU.ActiveCfg = Release|Any CPU
		{1E4177D4-161C-4572-A1E3-AB241E2E67E3}.Release|Any CPU.Build.0 = Release|Any CPU
		{1E4177D4-161C-4572-A1E3-AB241E2E67E3}.Release|x64.ActiveCfg = Release|Any CPU
		{1E4177D4-161C-4572-A1E3-AB241E2E67E3}.Release|x64.Build.0 = Release|Any CPU
		{1E4177D4-161C-4572-A1E3-AB241E2E67E3}.Release|x86.ActiveCfg = Release|Any CPU
		{1E4177D4-161C-4572-A1E3-AB241E2E67E3}.Release|x86.Build.0 = Release|Any CPU
		{54327C60-36AE-467C-A446-217C7E4856ED}.Debug|Any CPU.ActiveCfg = Debug|Any CPU
		{54327C60-36AE-467C-A446-217C7E4856ED}.Debug|Any CPU.Build.0 = Debug|Any CPU
		{54327C60-36AE-467C-A446-217C7E4856ED}.Debug|x64.ActiveCfg = Debug|Any CPU
		{54327C60-36AE-467C-A446-217C7E4856ED}.Debug|x64.Build.0 = Debug|Any CPU
		{54327C60-36AE-467C-A446-217C7E4856ED}.Debug|x86.ActiveCfg = Debug|Any CPU
		{54327C60-36AE-467C-A446-217C7E4856ED}.Debug|x86.Build.0 = Debug|Any CPU
		{54327C60-36AE-467C-A446-217C7E4856ED}.Release|Any CPU.ActiveCfg = Release|Any CPU
		{54327C60-36AE-467C-A446-217C7E4856ED}.Release|Any CPU.Build.0 = Release|Any CPU
		{54327C60-36AE-467C-A446-217C7E4856ED}.Release|x64.ActiveCfg = Release|Any CPU
		{54327C60-36AE-467C-A446-217C7E4856ED}.Release|x64.Build.0 = Release|Any CPU
		{54327C60-36AE-467C-A446-217C7E4856ED}.Release|x86.ActiveCfg = Release|Any CPU
		{54327C60-36AE-467C-A446-217C7E4856ED}.Release|x86.Build.0 = Release|Any CPU
		{7BBBF595-48EA-445A-9B47-E17206C9A5D2}.Debug|Any CPU.ActiveCfg = Debug|Any CPU
		{7BBBF595-48EA-445A-9B47-E17206C9A5D2}.Debug|Any CPU.Build.0 = Debug|Any CPU
		{7BBBF595-48EA-445A-9B47-E17206C9A5D2}.Debug|x64.ActiveCfg = Debug|Any CPU
		{7BBBF595-48EA-445A-9B47-E17206C9A5D2}.Debug|x64.Build.0 = Debug|Any CPU
		{7BBBF595-48EA-445A-9B47-E17206C9A5D2}.Debug|x86.ActiveCfg = Debug|Any CPU
		{7BBBF595-48EA-445A-9B47-E17206C9A5D2}.Debug|x86.Build.0 = Debug|Any CPU
		{7BBBF595-48EA-445A-9B47-E17206C9A5D2}.Release|Any CPU.ActiveCfg = Release|Any CPU
		{7BBBF595-48EA-445A-9B47-E17206C9A5D2}.Release|Any CPU.Build.0 = Release|Any CPU
		{7BBBF595-48EA-445A-9B47-E17206C9A5D2}.Release|x64.ActiveCfg = Release|Any CPU
		{7BBBF595-48EA-445A-9B47-E17206C9A5D2}.Release|x64.Build.0 = Release|Any CPU
		{7BBBF595-48EA-445A-9B47-E17206C9A5D2}.Release|x86.ActiveCfg = Release|Any CPU
		{7BBBF595-48EA-445A-9B47-E17206C9A5D2}.Release|x86.Build.0 = Release|Any CPU
		{9FD5469E-54C1-4BB5-BAF2-2173F912FBE4}.Debug|Any CPU.ActiveCfg = Debug|Any CPU
		{9FD5469E-54C1-4BB5-BAF2-2173F912FBE4}.Debug|Any CPU.Build.0 = Debug|Any CPU
		{9FD5469E-54C1-4BB5-BAF2-2173F912FBE4}.Debug|x64.ActiveCfg = Debug|Any CPU
		{9FD5469E-54C1-4BB5-BAF2-2173F912FBE4}.Debug|x64.Build.0 = Debug|Any CPU
		{9FD5469E-54C1-4BB5-BAF2-2173F912FBE4}.Debug|x86.ActiveCfg = Debug|Any CPU
		{9FD5469E-54C1-4BB5-BAF2-2173F912FBE4}.Debug|x86.Build.0 = Debug|Any CPU
		{9FD5469E-54C1-4BB5-BAF2-2173F912FBE4}.Release|Any CPU.ActiveCfg = Release|Any CPU
		{9FD5469E-54C1-4BB5-BAF2-2173F912FBE4}.Release|Any CPU.Build.0 = Release|Any CPU
		{9FD5469E-54C1-4BB5-BAF2-2173F912FBE4}.Release|x64.ActiveCfg = Release|Any CPU
		{9FD5469E-54C1-4BB5-BAF2-2173F912FBE4}.Release|x64.Build.0 = Release|Any CPU
		{9FD5469E-54C1-4BB5-BAF2-2173F912FBE4}.Release|x86.ActiveCfg = Release|Any CPU
		{9FD5469E-54C1-4BB5-BAF2-2173F912FBE4}.Release|x86.Build.0 = Release|Any CPU
		{5BDB0C35-D278-4B2F-9D03-6134007DBEB8}.Debug|Any CPU.ActiveCfg = Debug|Any CPU
		{5BDB0C35-D278-4B2F-9D03-6134007DBEB8}.Debug|Any CPU.Build.0 = Debug|Any CPU
		{5BDB0C35-D278-4B2F-9D03-6134007DBEB8}.Debug|x64.ActiveCfg = Debug|Any CPU
		{5BDB0C35-D278-4B2F-9D03-6134007DBEB8}.Debug|x64.Build.0 = Debug|Any CPU
		{5BDB0C35-D278-4B2F-9D03-6134007DBEB8}.Debug|x86.ActiveCfg = Debug|Any CPU
		{5BDB0C35-D278-4B2F-9D03-6134007DBEB8}.Debug|x86.Build.0 = Debug|Any CPU
		{5BDB0C35-D278-4B2F-9D03-6134007DBEB8}.Release|Any CPU.ActiveCfg = Release|Any CPU
		{5BDB0C35-D278-4B2F-9D03-6134007DBEB8}.Release|Any CPU.Build.0 = Release|Any CPU
		{5BDB0C35-D278-4B2F-9D03-6134007DBEB8}.Release|x64.ActiveCfg = Release|Any CPU
		{5BDB0C35-D278-4B2F-9D03-6134007DBEB8}.Release|x64.Build.0 = Release|Any CPU
		{5BDB0C35-D278-4B2F-9D03-6134007DBEB8}.Release|x86.ActiveCfg = Release|Any CPU
		{5BDB0C35-D278-4B2F-9D03-6134007DBEB8}.Release|x86.Build.0 = Release|Any CPU
		{8DDE9711-B2D0-4CE3-96D8-EB827B00D248}.Debug|Any CPU.ActiveCfg = Debug|Any CPU
		{8DDE9711-B2D0-4CE3-96D8-EB827B00D248}.Debug|Any CPU.Build.0 = Debug|Any CPU
		{8DDE9711-B2D0-4CE3-96D8-EB827B00D248}.Debug|x64.ActiveCfg = Debug|Any CPU
		{8DDE9711-B2D0-4CE3-96D8-EB827B00D248}.Debug|x64.Build.0 = Debug|Any CPU
		{8DDE9711-B2D0-4CE3-96D8-EB827B00D248}.Debug|x86.ActiveCfg = Debug|Any CPU
		{8DDE9711-B2D0-4CE3-96D8-EB827B00D248}.Debug|x86.Build.0 = Debug|Any CPU
		{8DDE9711-B2D0-4CE3-96D8-EB827B00D248}.Release|Any CPU.ActiveCfg = Release|Any CPU
		{8DDE9711-B2D0-4CE3-96D8-EB827B00D248}.Release|Any CPU.Build.0 = Release|Any CPU
		{8DDE9711-B2D0-4CE3-96D8-EB827B00D248}.Release|x64.ActiveCfg = Release|Any CPU
		{8DDE9711-B2D0-4CE3-96D8-EB827B00D248}.Release|x64.Build.0 = Release|Any CPU
		{8DDE9711-B2D0-4CE3-96D8-EB827B00D248}.Release|x86.ActiveCfg = Release|Any CPU
		{8DDE9711-B2D0-4CE3-96D8-EB827B00D248}.Release|x86.Build.0 = Release|Any CPU
		{E6BDDAD2-4EEF-4CC7-8D71-494C5E1C422F}.Debug|Any CPU.ActiveCfg = Debug|Any CPU
		{E6BDDAD2-4EEF-4CC7-8D71-494C5E1C422F}.Debug|Any CPU.Build.0 = Debug|Any CPU
		{E6BDDAD2-4EEF-4CC7-8D71-494C5E1C422F}.Debug|x64.ActiveCfg = Debug|Any CPU
		{E6BDDAD2-4EEF-4CC7-8D71-494C5E1C422F}.Debug|x64.Build.0 = Debug|Any CPU
		{E6BDDAD2-4EEF-4CC7-8D71-494C5E1C422F}.Debug|x86.ActiveCfg = Debug|Any CPU
		{E6BDDAD2-4EEF-4CC7-8D71-494C5E1C422F}.Debug|x86.Build.0 = Debug|Any CPU
		{E6BDDAD2-4EEF-4CC7-8D71-494C5E1C422F}.Release|Any CPU.ActiveCfg = Release|Any CPU
		{E6BDDAD2-4EEF-4CC7-8D71-494C5E1C422F}.Release|Any CPU.Build.0 = Release|Any CPU
		{E6BDDAD2-4EEF-4CC7-8D71-494C5E1C422F}.Release|x64.ActiveCfg = Release|Any CPU
		{E6BDDAD2-4EEF-4CC7-8D71-494C5E1C422F}.Release|x64.Build.0 = Release|Any CPU
		{E6BDDAD2-4EEF-4CC7-8D71-494C5E1C422F}.Release|x86.ActiveCfg = Release|Any CPU
		{E6BDDAD2-4EEF-4CC7-8D71-494C5E1C422F}.Release|x86.Build.0 = Release|Any CPU
		{D3A679F1-65EA-4066-B97E-8F56DE96D63D}.Debug|Any CPU.ActiveCfg = Debug|Any CPU
		{D3A679F1-65EA-4066-B97E-8F56DE96D63D}.Debug|Any CPU.Build.0 = Debug|Any CPU
		{D3A679F1-65EA-4066-B97E-8F56DE96D63D}.Debug|x64.ActiveCfg = Debug|Any CPU
		{D3A679F1-65EA-4066-B97E-8F56DE96D63D}.Debug|x64.Build.0 = Debug|Any CPU
		{D3A679F1-65EA-4066-B97E-8F56DE96D63D}.Debug|x86.ActiveCfg = Debug|Any CPU
		{D3A679F1-65EA-4066-B97E-8F56DE96D63D}.Debug|x86.Build.0 = Debug|Any CPU
		{D3A679F1-65EA-4066-B97E-8F56DE96D63D}.Release|Any CPU.ActiveCfg = Release|Any CPU
		{D3A679F1-65EA-4066-B97E-8F56DE96D63D}.Release|Any CPU.Build.0 = Release|Any CPU
		{D3A679F1-65EA-4066-B97E-8F56DE96D63D}.Release|x64.ActiveCfg = Release|Any CPU
		{D3A679F1-65EA-4066-B97E-8F56DE96D63D}.Release|x64.Build.0 = Release|Any CPU
		{D3A679F1-65EA-4066-B97E-8F56DE96D63D}.Release|x86.ActiveCfg = Release|Any CPU
		{D3A679F1-65EA-4066-B97E-8F56DE96D63D}.Release|x86.Build.0 = Release|Any CPU
		{08BEC7FD-9EDA-4B69-AF05-120934AE194F}.Debug|Any CPU.ActiveCfg = Debug|Any CPU
		{08BEC7FD-9EDA-4B69-AF05-120934AE194F}.Debug|Any CPU.Build.0 = Debug|Any CPU
		{08BEC7FD-9EDA-4B69-AF05-120934AE194F}.Debug|x64.ActiveCfg = Debug|Any CPU
		{08BEC7FD-9EDA-4B69-AF05-120934AE194F}.Debug|x64.Build.0 = Debug|Any CPU
		{08BEC7FD-9EDA-4B69-AF05-120934AE194F}.Debug|x86.ActiveCfg = Debug|Any CPU
		{08BEC7FD-9EDA-4B69-AF05-120934AE194F}.Debug|x86.Build.0 = Debug|Any CPU
		{08BEC7FD-9EDA-4B69-AF05-120934AE194F}.Release|Any CPU.ActiveCfg = Release|Any CPU
		{08BEC7FD-9EDA-4B69-AF05-120934AE194F}.Release|Any CPU.Build.0 = Release|Any CPU
		{08BEC7FD-9EDA-4B69-AF05-120934AE194F}.Release|x64.ActiveCfg = Release|Any CPU
		{08BEC7FD-9EDA-4B69-AF05-120934AE194F}.Release|x64.Build.0 = Release|Any CPU
		{08BEC7FD-9EDA-4B69-AF05-120934AE194F}.Release|x86.ActiveCfg = Release|Any CPU
		{08BEC7FD-9EDA-4B69-AF05-120934AE194F}.Release|x86.Build.0 = Release|Any CPU
		{F7E13EB2-2B7E-46D0-859B-AD03A1B27A07}.Debug|Any CPU.ActiveCfg = Debug|Any CPU
		{F7E13EB2-2B7E-46D0-859B-AD03A1B27A07}.Debug|Any CPU.Build.0 = Debug|Any CPU
		{F7E13EB2-2B7E-46D0-859B-AD03A1B27A07}.Debug|x64.ActiveCfg = Debug|Any CPU
		{F7E13EB2-2B7E-46D0-859B-AD03A1B27A07}.Debug|x64.Build.0 = Debug|Any CPU
		{F7E13EB2-2B7E-46D0-859B-AD03A1B27A07}.Debug|x86.ActiveCfg = Debug|Any CPU
		{F7E13EB2-2B7E-46D0-859B-AD03A1B27A07}.Debug|x86.Build.0 = Debug|Any CPU
		{F7E13EB2-2B7E-46D0-859B-AD03A1B27A07}.Release|Any CPU.ActiveCfg = Release|Any CPU
		{F7E13EB2-2B7E-46D0-859B-AD03A1B27A07}.Release|Any CPU.Build.0 = Release|Any CPU
		{F7E13EB2-2B7E-46D0-859B-AD03A1B27A07}.Release|x64.ActiveCfg = Release|Any CPU
		{F7E13EB2-2B7E-46D0-859B-AD03A1B27A07}.Release|x64.Build.0 = Release|Any CPU
		{F7E13EB2-2B7E-46D0-859B-AD03A1B27A07}.Release|x86.ActiveCfg = Release|Any CPU
		{F7E13EB2-2B7E-46D0-859B-AD03A1B27A07}.Release|x86.Build.0 = Release|Any CPU
		{03AFE8F4-D91D-4368-8625-0DD940144EE4}.Debug|Any CPU.ActiveCfg = Debug|Any CPU
		{03AFE8F4-D91D-4368-8625-0DD940144EE4}.Debug|Any CPU.Build.0 = Debug|Any CPU
		{03AFE8F4-D91D-4368-8625-0DD940144EE4}.Debug|x64.ActiveCfg = Debug|Any CPU
		{03AFE8F4-D91D-4368-8625-0DD940144EE4}.Debug|x64.Build.0 = Debug|Any CPU
		{03AFE8F4-D91D-4368-8625-0DD940144EE4}.Debug|x86.ActiveCfg = Debug|Any CPU
		{03AFE8F4-D91D-4368-8625-0DD940144EE4}.Debug|x86.Build.0 = Debug|Any CPU
		{03AFE8F4-D91D-4368-8625-0DD940144EE4}.Release|Any CPU.ActiveCfg = Release|Any CPU
		{03AFE8F4-D91D-4368-8625-0DD940144EE4}.Release|Any CPU.Build.0 = Release|Any CPU
		{03AFE8F4-D91D-4368-8625-0DD940144EE4}.Release|x64.ActiveCfg = Release|Any CPU
		{03AFE8F4-D91D-4368-8625-0DD940144EE4}.Release|x64.Build.0 = Release|Any CPU
		{03AFE8F4-D91D-4368-8625-0DD940144EE4}.Release|x86.ActiveCfg = Release|Any CPU
		{03AFE8F4-D91D-4368-8625-0DD940144EE4}.Release|x86.Build.0 = Release|Any CPU
		{B05FD902-C025-41A7-9456-0E80C9D06635}.Debug|Any CPU.ActiveCfg = Debug|Any CPU
		{B05FD902-C025-41A7-9456-0E80C9D06635}.Debug|Any CPU.Build.0 = Debug|Any CPU
		{B05FD902-C025-41A7-9456-0E80C9D06635}.Debug|x64.ActiveCfg = Debug|Any CPU
		{B05FD902-C025-41A7-9456-0E80C9D06635}.Debug|x64.Build.0 = Debug|Any CPU
		{B05FD902-C025-41A7-9456-0E80C9D06635}.Debug|x86.ActiveCfg = Debug|Any CPU
		{B05FD902-C025-41A7-9456-0E80C9D06635}.Debug|x86.Build.0 = Debug|Any CPU
		{B05FD902-C025-41A7-9456-0E80C9D06635}.Release|Any CPU.ActiveCfg = Release|Any CPU
		{B05FD902-C025-41A7-9456-0E80C9D06635}.Release|Any CPU.Build.0 = Release|Any CPU
		{B05FD902-C025-41A7-9456-0E80C9D06635}.Release|x64.ActiveCfg = Release|Any CPU
		{B05FD902-C025-41A7-9456-0E80C9D06635}.Release|x64.Build.0 = Release|Any CPU
		{B05FD902-C025-41A7-9456-0E80C9D06635}.Release|x86.ActiveCfg = Release|Any CPU
		{B05FD902-C025-41A7-9456-0E80C9D06635}.Release|x86.Build.0 = Release|Any CPU
		{69374CE0-481A-4576-9384-B8BDD8C819A8}.Debug|Any CPU.ActiveCfg = Debug|Any CPU
		{69374CE0-481A-4576-9384-B8BDD8C819A8}.Debug|Any CPU.Build.0 = Debug|Any CPU
		{69374CE0-481A-4576-9384-B8BDD8C819A8}.Debug|x64.ActiveCfg = Debug|Any CPU
		{69374CE0-481A-4576-9384-B8BDD8C819A8}.Debug|x64.Build.0 = Debug|Any CPU
		{69374CE0-481A-4576-9384-B8BDD8C819A8}.Debug|x86.ActiveCfg = Debug|Any CPU
		{69374CE0-481A-4576-9384-B8BDD8C819A8}.Debug|x86.Build.0 = Debug|Any CPU
		{69374CE0-481A-4576-9384-B8BDD8C819A8}.Release|Any CPU.ActiveCfg = Release|Any CPU
		{69374CE0-481A-4576-9384-B8BDD8C819A8}.Release|Any CPU.Build.0 = Release|Any CPU
		{69374CE0-481A-4576-9384-B8BDD8C819A8}.Release|x64.ActiveCfg = Release|Any CPU
		{69374CE0-481A-4576-9384-B8BDD8C819A8}.Release|x64.Build.0 = Release|Any CPU
		{69374CE0-481A-4576-9384-B8BDD8C819A8}.Release|x86.ActiveCfg = Release|Any CPU
		{69374CE0-481A-4576-9384-B8BDD8C819A8}.Release|x86.Build.0 = Release|Any CPU
	EndGlobalSection
	GlobalSection(SolutionProperties) = preSolution
		HideSolutionNode = FALSE
	EndGlobalSection
	GlobalSection(NestedProjects) = preSolution
		{0A90CE27-A326-4C99-98AF-9B3B1CEE5534} = {8F80FAF3-2D79-44A6-BA3A-71D53EE081C0}
		{86B54DC9-8B45-44DB-ADE3-D2CFAF1D2754} = {8F80FAF3-2D79-44A6-BA3A-71D53EE081C0}
		{D4D63820-4950-4D3B-AAB8-57B7BF454636} = {8F80FAF3-2D79-44A6-BA3A-71D53EE081C0}
		{C7DF0189-950E-4236-9A21-B61FE49C8640} = {8F80FAF3-2D79-44A6-BA3A-71D53EE081C0}
		{1E4177D4-161C-4572-A1E3-AB241E2E67E3} = {8F80FAF3-2D79-44A6-BA3A-71D53EE081C0}
		{54327C60-36AE-467C-A446-217C7E4856ED} = {8F80FAF3-2D79-44A6-BA3A-71D53EE081C0}
		{7BBBF595-48EA-445A-9B47-E17206C9A5D2} = {8F80FAF3-2D79-44A6-BA3A-71D53EE081C0}
		{9FD5469E-54C1-4BB5-BAF2-2173F912FBE4} = {8F80FAF3-2D79-44A6-BA3A-71D53EE081C0}
		{5BDB0C35-D278-4B2F-9D03-6134007DBEB8} = {8F80FAF3-2D79-44A6-BA3A-71D53EE081C0}
		{8DDE9711-B2D0-4CE3-96D8-EB827B00D248} = {8F80FAF3-2D79-44A6-BA3A-71D53EE081C0}
		{E6BDDAD2-4EEF-4CC7-8D71-494C5E1C422F} = {8F80FAF3-2D79-44A6-BA3A-71D53EE081C0}
		{D3A679F1-65EA-4066-B97E-8F56DE96D63D} = {8F80FAF3-2D79-44A6-BA3A-71D53EE081C0}
		{08BEC7FD-9EDA-4B69-AF05-120934AE194F} = {98702E0D-C277-4A27-A7D3-13F8287801C0}
		{F7E13EB2-2B7E-46D0-859B-AD03A1B27A07} = {98702E0D-C277-4A27-A7D3-13F8287801C0}
		{03AFE8F4-D91D-4368-8625-0DD940144EE4} = {8F80FAF3-2D79-44A6-BA3A-71D53EE081C0}
		{B05FD902-C025-41A7-9456-0E80C9D06635} = {98702E0D-C277-4A27-A7D3-13F8287801C0}
		{69374CE0-481A-4576-9384-B8BDD8C819A8} = {8F80FAF3-2D79-44A6-BA3A-71D53EE081C0}
	EndGlobalSection
	GlobalSection(ExtensibilityGlobals) = postSolution
		SolutionGuid = {EAEAE942-F36C-4F3F-B135-AE66D05C33D0}
	EndGlobalSection
EndGlobal
